
Microsoft Visual Studio Solution File, Format Version 12.00
# Visual Studio 15
VisualStudioVersion = 15.0.26403.7
MinimumVisualStudioVersion = 10.0.40219.1
Project("{D954291E-2A0B-460D-934E-DC6B0785DB48}") = "TuneTaster", "TuneTaster\TuneTaster\TuneTaster.shproj", "{11DE2918-0F1C-4FEB-9816-E6E1D7B61E5D}"
EndProject
Project("{FAE04EC0-301F-11D3-BF4B-00C04F79EFBC}") = "TuneTaster.Android", "TuneTaster\TuneTaster.Android\TuneTaster.Android.csproj", "{8E7B938B-198D-4132-AABF-1F511851243B}"
EndProject
Project("{FAE04EC0-301F-11D3-BF4B-00C04F79EFBC}") = "TuneTaster.iOS", "TuneTaster\TuneTaster.iOS\TuneTaster.iOS.csproj", "{E1AB0C7C-ED0A-4085-AEEE-B89008888BDC}"
EndProject
Global
	GlobalSection(SharedMSBuildProjectFiles) = preSolution
		TuneTaster\TuneTaster\TuneTaster.projitems*{11de2918-0f1c-4feb-9816-e6e1d7b61e5d}*SharedItemsImports = 13
		TuneTaster\TuneTaster\TuneTaster.projitems*{8e7b938b-198d-4132-aabf-1f511851243b}*SharedItemsImports = 4
		TuneTaster\TuneTaster\TuneTaster.projitems*{e1ab0c7c-ed0a-4085-aeee-b89008888bdc}*SharedItemsImports = 4
	EndGlobalSection
	GlobalSection(SolutionConfigurationPlatforms) = preSolution
		Ad-Hoc|Any CPU = Ad-Hoc|Any CPU
		Ad-Hoc|iPhone = Ad-Hoc|iPhone
		Ad-Hoc|iPhoneSimulator = Ad-Hoc|iPhoneSimulator
		AppStore|Any CPU = AppStore|Any CPU
		AppStore|iPhone = AppStore|iPhone
		AppStore|iPhoneSimulator = AppStore|iPhoneSimulator
		Debug|Any CPU = Debug|Any CPU
		Debug|iPhone = Debug|iPhone
		Debug|iPhoneSimulator = Debug|iPhoneSimulator
		Release|Any CPU = Release|Any CPU
		Release|iPhone = Release|iPhone
		Release|iPhoneSimulator = Release|iPhoneSimulator
	EndGlobalSection
	GlobalSection(ProjectConfigurationPlatforms) = postSolution
		{8E7B938B-198D-4132-AABF-1F511851243B}.Ad-Hoc|Any CPU.ActiveCfg = Release|Any CPU
		{8E7B938B-198D-4132-AABF-1F511851243B}.Ad-Hoc|Any CPU.Build.0 = Release|Any CPU
		{8E7B938B-198D-4132-AABF-1F511851243B}.Ad-Hoc|Any CPU.Deploy.0 = Release|Any CPU
		{8E7B938B-198D-4132-AABF-1F511851243B}.Ad-Hoc|iPhone.ActiveCfg = Release|Any CPU
		{8E7B938B-198D-4132-AABF-1F511851243B}.Ad-Hoc|iPhone.Build.0 = Release|Any CPU
		{8E7B938B-198D-4132-AABF-1F511851243B}.Ad-Hoc|iPhone.Deploy.0 = Release|Any CPU
		{8E7B938B-198D-4132-AABF-1F511851243B}.Ad-Hoc|iPhoneSimulator.ActiveCfg = Release|Any CPU
		{8E7B938B-198D-4132-AABF-1F511851243B}.Ad-Hoc|iPhoneSimulator.Build.0 = Release|Any CPU
		{8E7B938B-198D-4132-AABF-1F511851243B}.Ad-Hoc|iPhoneSimulator.Deploy.0 = Release|Any CPU
		{8E7B938B-198D-4132-AABF-1F511851243B}.AppStore|Any CPU.ActiveCfg = Release|Any CPU
		{8E7B938B-198D-4132-AABF-1F511851243B}.AppStore|Any CPU.Build.0 = Release|Any CPU
		{8E7B938B-198D-4132-AABF-1F511851243B}.AppStore|Any CPU.Deploy.0 = Release|Any CPU
		{8E7B938B-198D-4132-AABF-1F511851243B}.AppStore|iPhone.ActiveCfg = Release|Any CPU
		{8E7B938B-198D-4132-AABF-1F511851243B}.AppStore|iPhone.Build.0 = Release|Any CPU
		{8E7B938B-198D-4132-AABF-1F511851243B}.AppStore|iPhone.Deploy.0 = Release|Any CPU
		{8E7B938B-198D-4132-AABF-1F511851243B}.AppStore|iPhoneSimulator.ActiveCfg = Release|Any CPU
		{8E7B938B-198D-4132-AABF-1F511851243B}.AppStore|iPhoneSimulator.Build.0 = Release|Any CPU
		{8E7B938B-198D-4132-AABF-1F511851243B}.AppStore|iPhoneSimulator.Deploy.0 = Release|Any CPU
		{8E7B938B-198D-4132-AABF-1F511851243B}.Debug|Any CPU.ActiveCfg = Debug|Any CPU
		{8E7B938B-198D-4132-AABF-1F511851243B}.Debug|Any CPU.Build.0 = Debug|Any CPU
		{8E7B938B-198D-4132-AABF-1F511851243B}.Debug|Any CPU.Deploy.0 = Debug|Any CPU
		{8E7B938B-198D-4132-AABF-1F511851243B}.Debug|iPhone.ActiveCfg = Debug|Any CPU
		{8E7B938B-198D-4132-AABF-1F511851243B}.Debug|iPhone.Build.0 = Debug|Any CPU
		{8E7B938B-198D-4132-AABF-1F511851243B}.Debug|iPhone.Deploy.0 = Debug|Any CPU
		{8E7B938B-198D-4132-AABF-1F511851243B}.Debug|iPhoneSimulator.ActiveCfg = Debug|Any CPU
		{8E7B938B-198D-4132-AABF-1F511851243B}.Debug|iPhoneSimulator.Build.0 = Debug|Any CPU
		{8E7B938B-198D-4132-AABF-1F511851243B}.Debug|iPhoneSimulator.Deploy.0 = Debug|Any CPU
		{8E7B938B-198D-4132-AABF-1F511851243B}.Release|Any CPU.ActiveCfg = Release|Any CPU
		{8E7B938B-198D-4132-AABF-1F511851243B}.Release|Any CPU.Build.0 = Release|Any CPU
		{8E7B938B-198D-4132-AABF-1F511851243B}.Release|Any CPU.Deploy.0 = Release|Any CPU
		{8E7B938B-198D-4132-AABF-1F511851243B}.Release|iPhone.ActiveCfg = Release|Any CPU
		{8E7B938B-198D-4132-AABF-1F511851243B}.Release|iPhone.Build.0 = Release|Any CPU
		{8E7B938B-198D-4132-AABF-1F511851243B}.Release|iPhone.Deploy.0 = Release|Any CPU
		{8E7B938B-198D-4132-AABF-1F511851243B}.Release|iPhoneSimulator.ActiveCfg = Release|Any CPU
		{8E7B938B-198D-4132-AABF-1F511851243B}.Release|iPhoneSimulator.Build.0 = Release|Any CPU
		{8E7B938B-198D-4132-AABF-1F511851243B}.Release|iPhoneSimulator.Deploy.0 = Release|Any CPU
		{E1AB0C7C-ED0A-4085-AEEE-B89008888BDC}.Ad-Hoc|Any CPU.ActiveCfg = Ad-Hoc|iPhone
		{E1AB0C7C-ED0A-4085-AEEE-B89008888BDC}.Ad-Hoc|iPhone.ActiveCfg = Ad-Hoc|iPhone
		{E1AB0C7C-ED0A-4085-AEEE-B89008888BDC}.Ad-Hoc|iPhone.Build.0 = Ad-Hoc|iPhone
		{E1AB0C7C-ED0A-4085-AEEE-B89008888BDC}.Ad-Hoc|iPhoneSimulator.ActiveCfg = Ad-Hoc|iPhoneSimulator
		{E1AB0C7C-ED0A-4085-AEEE-B89008888BDC}.Ad-Hoc|iPhoneSimulator.Build.0 = Ad-Hoc|iPhoneSimulator
		{E1AB0C7C-ED0A-4085-AEEE-B89008888BDC}.AppStore|Any CPU.ActiveCfg = AppStore|iPhone
		{E1AB0C7C-ED0A-4085-AEEE-B89008888BDC}.AppStore|iPhone.ActiveCfg = AppStore|iPhone
		{E1AB0C7C-ED0A-4085-AEEE-B89008888BDC}.AppStore|iPhone.Build.0 = AppStore|iPhone
		{E1AB0C7C-ED0A-4085-AEEE-B89008888BDC}.AppStore|iPhoneSimulator.ActiveCfg = AppStore|iPhoneSimulator
		{E1AB0C7C-ED0A-4085-AEEE-B89008888BDC}.AppStore|iPhoneSimulator.Build.0 = AppStore|iPhoneSimulator
		{E1AB0C7C-ED0A-4085-AEEE-B89008888BDC}.Debug|Any CPU.ActiveCfg = Debug|iPhone
		{E1AB0C7C-ED0A-4085-AEEE-B89008888BDC}.Debug|iPhone.ActiveCfg = Debug|iPhone
		{E1AB0C7C-ED0A-4085-AEEE-B89008888BDC}.Debug|iPhone.Build.0 = Debug|iPhone
		{E1AB0C7C-ED0A-4085-AEEE-B89008888BDC}.Debug|iPhoneSimulator.ActiveCfg = Debug|iPhoneSimulator
		{E1AB0C7C-ED0A-4085-AEEE-B89008888BDC}.Debug|iPhoneSimulator.Build.0 = Debug|iPhoneSimulator
		{E1AB0C7C-ED0A-4085-AEEE-B89008888BDC}.Release|Any CPU.ActiveCfg = Release|iPhone
		{E1AB0C7C-ED0A-4085-AEEE-B89008888BDC}.Release|iPhone.ActiveCfg = Release|iPhone
		{E1AB0C7C-ED0A-4085-AEEE-B89008888BDC}.Release|iPhone.Build.0 = Release|iPhone
		{E1AB0C7C-ED0A-4085-AEEE-B89008888BDC}.Release|iPhoneSimulator.ActiveCfg = Release|iPhoneSimulator
		{E1AB0C7C-ED0A-4085-AEEE-B89008888BDC}.Release|iPhoneSimulator.Build.0 = Release|iPhoneSimulator
	EndGlobalSection
	GlobalSection(SolutionProperties) = preSolution
		HideSolutionNode = FALSE
	EndGlobalSection
EndGlobal
